
Microsoft Visual Studio Solution File, Format Version 12.00
# Visual Studio 15
Project("{FAE04EC0-301F-11D3-BF4B-00C04F79EFBC}") = "UnityEngine.TestRunner", "UnityEngine.TestRunner.csproj", "{5337B59C-3E7C-0351-AF89-83031FFF803D}"
EndProject
Project("{FAE04EC0-301F-11D3-BF4B-00C04F79EFBC}") = "Unity.Timeline", "Unity.Timeline.csproj", "{07ACF7F8-C266-89AB-EEFF-0429DF816778}"
EndProject
Project("{FAE04EC0-301F-11D3-BF4B-00C04F79EFBC}") = "Unity.TextMeshPro", "Unity.TextMeshPro.csproj", "{315F83A6-425E-A944-BEFF-0A546449DD7E}"
EndProject
Project("{FAE04EC0-301F-11D3-BF4B-00C04F79EFBC}") = "Assembly-CSharp", "Assembly-CSharp.csproj", "{1B8ABB76-1ED3-715A-EA6B-A83FBF2DC921}"
EndProject
Project("{FAE04EC0-301F-11D3-BF4B-00C04F79EFBC}") = "UnityEditor.TestRunner", "UnityEditor.TestRunner.csproj", "{51960A79-F551-D3ED-0C2D-EAA8DAFA0418}"
EndProject
Project("{FAE04EC0-301F-11D3-BF4B-00C04F79EFBC}") = "Unity.PlasticSCM.Editor", "Unity.PlasticSCM.Editor.csproj", "{1D97E4DB-5A54-4712-1404-94DB466612FA}"
EndProject
Project("{FAE04EC0-301F-11D3-BF4B-00C04F79EFBC}") = "Unity.Services.Core.Editor", "Unity.Services.Core.Editor.csproj", "{1B15EA59-E93C-DF76-BD27-477EF48F4861}"
EndProject
Project("{FAE04EC0-301F-11D3-BF4B-00C04F79EFBC}") = "Unity.Timeline.Editor", "Unity.Timeline.Editor.csproj", "{E328A6CB-C6EA-82E4-8136-E3D162CAA7B4}"
EndProject
Project("{FAE04EC0-301F-11D3-BF4B-00C04F79EFBC}") = "Unity.VisualStudio.Editor", "Unity.VisualStudio.Editor.csproj", "{50013D7D-8137-45D9-995A-856A10ADA001}"
EndProject
Project("{FAE04EC0-301F-11D3-BF4B-00C04F79EFBC}") = "Unity.TextMeshPro.Editor", "Unity.TextMeshPro.Editor.csproj", "{5D7CABB7-9C65-4D6E-BAB7-30CFCF40F936}"
EndProject
Project("{FAE04EC0-301F-11D3-BF4B-00C04F79EFBC}") = "Unity.CollabProxy.Editor", "Unity.CollabProxy.Editor.csproj", "{91AB9DDB-BF79-50D3-C35A-4B3E45A682C4}"
EndProject
Project("{FAE04EC0-301F-11D3-BF4B-00C04F79EFBC}") = "Unity.Rider.Editor", "Unity.Rider.Editor.csproj", "{87FE7C73-9392-0442-E981-FC6F75D77BD8}"
EndProject
Project("{FAE04EC0-301F-11D3-BF4B-00C04F79EFBC}") = "Unity.VSCode.Editor", "Unity.VSCode.Editor.csproj", "{2492AD9B-8E58-92D6-D74A-5AAD75223615}"
EndProject
Global
	GlobalSection(SolutionConfigurationPlatforms) = preSolution
		Debug|Any CPU = Debug|Any CPU
		Release|Any CPU = Release|Any CPU
	EndGlobalSection
	GlobalSection(ProjectConfigurationPlatforms) = postSolution
		{5337B59C-3E7C-0351-AF89-83031FFF803D}.Debug|Any CPU.ActiveCfg = Debug|Any CPU
		{5337B59C-3E7C-0351-AF89-83031FFF803D}.Debug|Any CPU.Build.0 = Debug|Any CPU
		{5337B59C-3E7C-0351-AF89-83031FFF803D}.Release|Any CPU.ActiveCfg = Release|Any CPU
		{5337B59C-3E7C-0351-AF89-83031FFF803D}.Release|Any CPU.Build.0 = Release|Any CPU
		{07ACF7F8-C266-89AB-EEFF-0429DF816778}.Debug|Any CPU.ActiveCfg = Debug|Any CPU
		{07ACF7F8-C266-89AB-EEFF-0429DF816778}.Debug|Any CPU.Build.0 = Debug|Any CPU
		{07ACF7F8-C266-89AB-EEFF-0429DF816778}.Release|Any CPU.ActiveCfg = Release|Any CPU
		{07ACF7F8-C266-89AB-EEFF-0429DF816778}.Release|Any CPU.Build.0 = Release|Any CPU
		{315F83A6-425E-A944-BEFF-0A546449DD7E}.Debug|Any CPU.ActiveCfg = Debug|Any CPU
		{315F83A6-425E-A944-BEFF-0A546449DD7E}.Debug|Any CPU.Build.0 = Debug|Any CPU
		{315F83A6-425E-A944-BEFF-0A546449DD7E}.Release|Any CPU.ActiveCfg = Release|Any CPU
		{315F83A6-425E-A944-BEFF-0A546449DD7E}.Release|Any CPU.Build.0 = Release|Any CPU
		{1B8ABB76-1ED3-715A-EA6B-A83FBF2DC921}.Debug|Any CPU.ActiveCfg = Debug|Any CPU
		{1B8ABB76-1ED3-715A-EA6B-A83FBF2DC921}.Debug|Any CPU.Build.0 = Debug|Any CPU
		{1B8ABB76-1ED3-715A-EA6B-A83FBF2DC921}.Release|Any CPU.ActiveCfg = Release|Any CPU
		{1B8ABB76-1ED3-715A-EA6B-A83FBF2DC921}.Release|Any CPU.Build.0 = Release|Any CPU
		{51960A79-F551-D3ED-0C2D-EAA8DAFA0418}.Debug|Any CPU.ActiveCfg = Debug|Any CPU
		{51960A79-F551-D3ED-0C2D-EAA8DAFA0418}.Debug|Any CPU.Build.0 = Debug|Any CPU
		{51960A79-F551-D3ED-0C2D-EAA8DAFA0418}.Release|Any CPU.ActiveCfg = Release|Any CPU
		{51960A79-F551-D3ED-0C2D-EAA8DAFA0418}.Release|Any CPU.Build.0 = Release|Any CPU
		{1D97E4DB-5A54-4712-1404-94DB466612FA}.Debug|Any CPU.ActiveCfg = Debug|Any CPU
		{1D97E4DB-5A54-4712-1404-94DB466612FA}.Debug|Any CPU.Build.0 = Debug|Any CPU
		{1D97E4DB-5A54-4712-1404-94DB466612FA}.Release|Any CPU.ActiveCfg = Release|Any CPU
		{1D97E4DB-5A54-4712-1404-94DB466612FA}.Release|Any CPU.Build.0 = Release|Any CPU
		{1B15EA59-E93C-DF76-BD27-477EF48F4861}.Debug|Any CPU.ActiveCfg = Debug|Any CPU
		{1B15EA59-E93C-DF76-BD27-477EF48F4861}.Debug|Any CPU.Build.0 = Debug|Any CPU
		{1B15EA59-E93C-DF76-BD27-477EF48F4861}.Release|Any CPU.ActiveCfg = Release|Any CPU
		{1B15EA59-E93C-DF76-BD27-477EF48F4861}.Release|Any CPU.Build.0 = Release|Any CPU
		{E328A6CB-C6EA-82E4-8136-E3D162CAA7B4}.Debug|Any CPU.ActiveCfg = Debug|Any CPU
		{E328A6CB-C6EA-82E4-8136-E3D162CAA7B4}.Debug|Any CPU.Build.0 = Debug|Any CPU
		{E328A6CB-C6EA-82E4-8136-E3D162CAA7B4}.Release|Any CPU.ActiveCfg = Release|Any CPU
		{E328A6CB-C6EA-82E4-8136-E3D162CAA7B4}.Release|Any CPU.Build.0 = Release|Any CPU
		{50013D7D-8137-45D9-995A-856A10ADA001}.Debug|Any CPU.ActiveCfg = Debug|Any CPU
		{50013D7D-8137-45D9-995A-856A10ADA001}.Debug|Any CPU.Build.0 = Debug|Any CPU
		{50013D7D-8137-45D9-995A-856A10ADA001}.Release|Any CPU.ActiveCfg = Release|Any CPU
		{50013D7D-8137-45D9-995A-856A10ADA001}.Release|Any CPU.Build.0 = Release|Any CPU
		{5D7CABB7-9C65-4D6E-BAB7-30CFCF40F936}.Debug|Any CPU.ActiveCfg = Debug|Any CPU
		{5D7CABB7-9C65-4D6E-BAB7-30CFCF40F936}.Debug|Any CPU.Build.0 = Debug|Any CPU
		{5D7CABB7-9C65-4D6E-BAB7-30CFCF40F936}.Release|Any CPU.ActiveCfg = Release|Any CPU
		{5D7CABB7-9C65-4D6E-BAB7-30CFCF40F936}.Release|Any CPU.Build.0 = Release|Any CPU
		{91AB9DDB-BF79-50D3-C35A-4B3E45A682C4}.Debug|Any CPU.ActiveCfg = Debug|Any CPU
		{91AB9DDB-BF79-50D3-C35A-4B3E45A682C4}.Debug|Any CPU.Build.0 = Debug|Any CPU
		{91AB9DDB-BF79-50D3-C35A-4B3E45A682C4}.Release|Any CPU.ActiveCfg = Release|Any CPU
		{91AB9DDB-BF79-50D3-C35A-4B3E45A682C4}.Release|Any CPU.Build.0 = Release|Any CPU
		{87FE7C73-9392-0442-E981-FC6F75D77BD8}.Debug|Any CPU.ActiveCfg = Debug|Any CPU
		{87FE7C73-9392-0442-E981-FC6F75D77BD8}.Debug|Any CPU.Build.0 = Debug|Any CPU
		{87FE7C73-9392-0442-E981-FC6F75D77BD8}.Release|Any CPU.ActiveCfg = Release|Any CPU
		{87FE7C73-9392-0442-E981-FC6F75D77BD8}.Release|Any CPU.Build.0 = Release|Any CPU
		{2492AD9B-8E58-92D6-D74A-5AAD75223615}.Debug|Any CPU.ActiveCfg = Debug|Any CPU
		{2492AD9B-8E58-92D6-D74A-5AAD75223615}.Debug|Any CPU.Build.0 = Debug|Any CPU
		{2492AD9B-8E58-92D6-D74A-5AAD75223615}.Release|Any CPU.ActiveCfg = Release|Any CPU
		{2492AD9B-8E58-92D6-D74A-5AAD75223615}.Release|Any CPU.Build.0 = Release|Any CPU
	EndGlobalSection
	GlobalSection(SolutionProperties) = preSolution
		HideSolutionNode = FALSE
	EndGlobalSection
EndGlobal
